
Microsoft Visual Studio Solution File, Format Version 12.00
# Visual Studio 15
VisualStudioVersion = 15.0.27703.2000
MinimumVisualStudioVersion = 10.0.40219.1
Project("{FAE04EC0-301F-11D3-BF4B-00C04F79EFBC}") = "AutoPartsMVC", "httpdocs\AutoPartsMVC.csproj", "{F7248648-5165-484B-96FF-909D2A12C94B}"
EndProject
Global
	GlobalSection(SolutionConfigurationPlatforms) = preSolution
		Debug|Any CPU = Debug|Any CPU
		Release|Any CPU = Release|Any CPU
	EndGlobalSection
	GlobalSection(ProjectConfigurationPlatforms) = postSolution
		{F7248648-5165-484B-96FF-909D2A12C94B}.Debug|Any CPU.ActiveCfg = Debug|Any CPU
		{F7248648-5165-484B-96FF-909D2A12C94B}.Debug|Any CPU.Build.0 = Debug|Any CPU
		{F7248648-5165-484B-96FF-909D2A12C94B}.Release|Any CPU.ActiveCfg = Release|Any CPU
		{F7248648-5165-484B-96FF-909D2A12C94B}.Release|Any CPU.Build.0 = Release|Any CPU
	EndGlobalSection
	GlobalSection(SolutionProperties) = preSolution
		HideSolutionNode = FALSE
	EndGlobalSection
	GlobalSection(ExtensibilityGlobals) = postSolution
		SolutionGuid = {B4462644-EC89-4360-9F5B-9F4DA7BF799B}
	EndGlobalSection
EndGlobal
